
Microsoft Visual Studio Solution File, Format Version 12.00
# Visual Studio Version 17
VisualStudioVersion = 17.12.35527.113
MinimumVisualStudioVersion = 10.0.40219.1
Project("{FAE04EC0-301F-11D3-BF4B-00C04F79EFBC}") = "UniversityManagement.Api", "UniversityManagement.Api\UniversityManagement.Api.csproj", "{6FF3FA9C-7003-4643-A3E9-E4A1954E9633}"
EndProject
Project("{FAE04EC0-301F-11D3-BF4B-00C04F79EFBC}") = "UniversityManagement.Api.Tests.Unit", "UniversityManagement.Api.Tests.Unit\UniversityManagement.Api.Tests.Unit.csproj", "{9E189C64-DF26-4A86-ACAF-ABBEC4694B91}"
EndProject
Project("{FAE04EC0-301F-11D3-BF4B-00C04F79EFBC}") = "UniversityManagement.Api.Infrastructure.Build", "UniversityManagement.Api.Infrastructure.Build\UniversityManagement.Api.Infrastructure.Build.csproj", "{A922DF13-7E3B-44C7-AADE-E02254690450}"
EndProject
Global
	GlobalSection(SolutionConfigurationPlatforms) = preSolution
		Debug|Any CPU = Debug|Any CPU
		Release|Any CPU = Release|Any CPU
	EndGlobalSection
	GlobalSection(ProjectConfigurationPlatforms) = postSolution
		{6FF3FA9C-7003-4643-A3E9-E4A1954E9633}.Debug|Any CPU.ActiveCfg = Debug|Any CPU
		{6FF3FA9C-7003-4643-A3E9-E4A1954E9633}.Debug|Any CPU.Build.0 = Debug|Any CPU
		{6FF3FA9C-7003-4643-A3E9-E4A1954E9633}.Release|Any CPU.ActiveCfg = Release|Any CPU
		{6FF3FA9C-7003-4643-A3E9-E4A1954E9633}.Release|Any CPU.Build.0 = Release|Any CPU
		{9E189C64-DF26-4A86-ACAF-ABBEC4694B91}.Debug|Any CPU.ActiveCfg = Debug|Any CPU
		{9E189C64-DF26-4A86-ACAF-ABBEC4694B91}.Debug|Any CPU.Build.0 = Debug|Any CPU
		{9E189C64-DF26-4A86-ACAF-ABBEC4694B91}.Release|Any CPU.ActiveCfg = Release|Any CPU
		{9E189C64-DF26-4A86-ACAF-ABBEC4694B91}.Release|Any CPU.Build.0 = Release|Any CPU
		{A922DF13-7E3B-44C7-AADE-E02254690450}.Debug|Any CPU.ActiveCfg = Debug|Any CPU
		{A922DF13-7E3B-44C7-AADE-E02254690450}.Debug|Any CPU.Build.0 = Debug|Any CPU
		{A922DF13-7E3B-44C7-AADE-E02254690450}.Release|Any CPU.ActiveCfg = Release|Any CPU
		{A922DF13-7E3B-44C7-AADE-E02254690450}.Release|Any CPU.Build.0 = Release|Any CPU
	EndGlobalSection
	GlobalSection(SolutionProperties) = preSolution
		HideSolutionNode = FALSE
	EndGlobalSection
EndGlobal
